Microsoft Visual Studio Solution File, Format Version 11.00
# Visual Studio 2008

Project("{2BC94943-E591-0C5D-2285-D3A7FB3B1898}") = "PuzzleGame", "Assembly-CSharp.csproj", "{EE80C96C-A26F-4826-F966-FF933B01D041}"
EndProject
Project("{2BC94943-E591-0C5D-2285-D3A7FB3B1898}") = "PuzzleGame", "Assembly-CSharp-Editor.csproj", "{ED12AC7A-C6F1-14EC-097C-0F5BCC4DF0F9}"
EndProject
Global
	GlobalSection(SolutionConfigurationPlatforms) = preSolution
		Debug|Any CPU = Debug|Any CPU
		Release|Any CPU = Release|Any CPU
	EndGlobalSection
	GlobalSection(ProjectConfigurationPlatforms) = postSolution
		{EE80C96C-A26F-4826-F966-FF933B01D041}.Debug|Any CPU.ActiveCfg = Debug|Any CPU
		{EE80C96C-A26F-4826-F966-FF933B01D041}.Debug|Any CPU.Build.0 = Debug|Any CPU
		{EE80C96C-A26F-4826-F966-FF933B01D041}.Release|Any CPU.ActiveCfg = Release|Any CPU
		{EE80C96C-A26F-4826-F966-FF933B01D041}.Release|Any CPU.Build.0 = Release|Any CPU
		{ED12AC7A-C6F1-14EC-097C-0F5BCC4DF0F9}.Debug|Any CPU.ActiveCfg = Debug|Any CPU
		{ED12AC7A-C6F1-14EC-097C-0F5BCC4DF0F9}.Debug|Any CPU.Build.0 = Debug|Any CPU
		{ED12AC7A-C6F1-14EC-097C-0F5BCC4DF0F9}.Release|Any CPU.ActiveCfg = Release|Any CPU
		{ED12AC7A-C6F1-14EC-097C-0F5BCC4DF0F9}.Release|Any CPU.Build.0 = Release|Any CPU
	EndGlobalSection
	GlobalSection(SolutionProperties) = preSolution
		HideSolutionNode = FALSE
	EndGlobalSection
	GlobalSection(MonoDevelopProperties) = preSolution
		StartupItem = Assembly-CSharp.csproj
	EndGlobalSection
EndGlobal
